{
  "name": "wg-easy",
  "version": "1.0.1",
  "lockfileVersion": 3,
  "requires": true,
  "packages": {
    "": {
      "version": "1.0.1",
      "dependencies": {
        "citysdk": "^2.3.4"
      }
    },
    "node_modules/citysdk": {
      "version": "2.3.4",
      "resolved": "https://registry.npmjs.org/citysdk/-/citysdk-2.3.4.tgz",
      "integrity": "sha512-LQSfrinsSdjwKFFqIXYi6bv2Lw9tcZJiXZ/7qoWW0oNNOHBp3HMuHhlWNK5Az5rmb8CNLtUPwwMwtcynlJWhEQ=="
    }
  }
}
